
Microsoft Visual Studio Solution File, Format Version 12.00
# Visual Studio Version 17
VisualStudioVersion = 17.6.33723.286
MinimumVisualStudioVersion = 10.0.40219.1
Project("{FAE04EC0-301F-11D3-BF4B-00C04F79EFBC}") = "Mongo_Microservices_Mike", "Mongo_Microservices_Mike\Mongo_Microservices_Mike.csproj", "{720F7AD0-4DF9-4758-B1A3-A72EF7A4B08D}"
EndProject
Global
	GlobalSection(SolutionConfigurationPlatforms) = preSolution
		Debug|Any CPU = Debug|Any CPU
		Release|Any CPU = Release|Any CPU
	EndGlobalSection
	GlobalSection(ProjectConfigurationPlatforms) = postSolution
		{720F7AD0-4DF9-4758-B1A3-A72EF7A4B08D}.Debug|Any CPU.ActiveCfg = Debug|Any CPU
		{720F7AD0-4DF9-4758-B1A3-A72EF7A4B08D}.Debug|Any CPU.Build.0 = Debug|Any CPU
		{720F7AD0-4DF9-4758-B1A3-A72EF7A4B08D}.Release|Any CPU.ActiveCfg = Release|Any CPU
		{720F7AD0-4DF9-4758-B1A3-A72EF7A4B08D}.Release|Any CPU.Build.0 = Release|Any CPU
	EndGlobalSection
	GlobalSection(SolutionProperties) = preSolution
		HideSolutionNode = FALSE
	EndGlobalSection
	GlobalSection(ExtensibilityGlobals) = postSolution
		SolutionGuid = {652194B0-F966-4F4A-8157-9C6CA9D78BBA}
	EndGlobalSection
EndGlobal
